// !$*UTF8*$!
{
	archiveVersion = 1;
	classes = {
	};
	objectVersion = 50;
	objects = {

/* Begin PBXBuildFile section */
		6301150320F9FFE500594151 /* ItemsViewController.swift in Sources */ = {isa = PBXBuildFile; fileRef = 6301150220F9FFE500594151 /* ItemsViewController.swift */; };
		630530CE20F9DEE00060C0AD /* AppDelegate.swift in Sources */ = {isa = PBXBuildFile; fileRef = 630530CD20F9DEE00060C0AD /* AppDelegate.swift */; };
		630530D020F9DEE00060C0AD /* ViewController.swift in Sources */ = {isa = PBXBuildFile; fileRef = 630530CF20F9DEE00060C0AD /* ViewController.swift */; };
		630530D320F9DEE00060C0AD /* Main.storyboard in Resources */ = {isa = PBXBuildFile; fileRef = 630530D120F9DEE00060C0AD /* Main.storyboard */; };
		630530D520F9DEEB0060C0AD /* Assets.xcassets in Resources */ = {isa = PBXBuildFile; fileRef = 630530D420F9DEEB0060C0AD /* Assets.xcassets */; };
		630530D820F9DEEB0060C0AD /* LaunchScreen.storyboard in Resources */ = {isa = PBXBuildFile; fileRef = 630530D620F9DEEB0060C0AD /* LaunchScreen.storyboard */; };
		630530E320F9DEEB0060C0AD /* HomepwnerTests.swift in Sources */ = {isa = PBXBuildFile; fileRef = 630530E220F9DEEB0060C0AD /* HomepwnerTests.swift */; };
		630530EE20F9DEEB0060C0AD /* HomepwnerUITests.swift in Sources */ = {isa = PBXBuildFile; fileRef = 630530ED20F9DEEB0060C0AD /* HomepwnerUITests.swift */; };
/* End PBXBuildFile section */

/* Begin PBXContainerItemProxy section */
		630530DF20F9DEEB0060C0AD /* PBXContainerItemProxy */ = {
			isa = PBXContainerItemProxy;
			containerPortal = 630530C220F9DEE00060C0AD /* Project object */;
			proxyType = 1;
			remoteGlobalIDString = 630530C920F9DEE00060C0AD;
			remoteInfo = Homepwner;
		};
		630530EA20F9DEEB0060C0AD /* PBXContainerItemProxy */ = {
			isa = PBXContainerItemProxy;
			containerPortal = 630530C220F9DEE00060C0AD /* Project object */;
			proxyType = 1;
			remoteGlobalIDString = 630530C920F9DEE00060C0AD;
			remoteInfo = Homepwner;
		};
/* End PBXContainerItemProxy section */

/* Begin PBXFileReference section */
		6301150220F9FFE500594151 /* ItemsViewController.swift */ = {isa = PBXFileReference; lastKnownFileType = sourcecode.swift; path = ItemsViewController.swift; sourceTree = "<group>"; };
		630530CA20F9DEE00060C0AD /* Homepwner.app */ = {isa = PBXFileReference; explicitFileType = wrapper.application; includeInIndex = 0; path = Homepwner.app; sourceTree = BUILT_PRODUCTS_DIR; };
		630530CD20F9DEE00060C0AD /* AppDelegate.swift */ = {isa = PBXFileReference; lastKnownFileType = sourcecode.swift; path = AppDelegate.swift; sourceTree = "<group>"; };
		630530CF20F9DEE00060C0AD /* ViewController.swift */ = {isa = PBXFileReference; lastKnownFileType = sourcecode.swift; path = ViewController.swift; sourceTree = "<group>"; };
		630530D220F9DEE00060C0AD /* Base */ = {isa = PBXFileReference; lastKnownFileType = file.storyboard; name = Base; path = Base.lproj/Main.storyboard; sourceTree = "<group>"; };
		630530D420F9DEEB0060C0AD /* Assets.xcassets */ = {isa = PBXFileReference; lastKnownFileType = folder.assetcatalog; path = Assets.xcassets; sourceTree = "<group>"; };
		630530D720F9DEEB0060C0AD /* Base */ = {isa = PBXFileReference; lastKnownFileType = file.storyboard; name = Base; path = Base.lproj/LaunchScreen.storyboard; sourceTree = "<group>"; };
		630530D920F9DEEB0060C0AD /* Info.plist */ = {isa = PBXFileReference; lastKnownFileType = text.plist.xml; path = Info.plist; sourceTree = "<group>"; };
		630530DE20F9DEEB0060C0AD /* HomepwnerTests.xctest */ = {isa = PBXFileReference; explicitFileType = wrapper.cfbundle; includeInIndex = 0; path = HomepwnerTests.xctest; sourceTree = BUILT_PRODUCTS_DIR; };
		630530E220F9DEEB0060C0AD /* HomepwnerTests.swift */ = {isa = PBXFileReference; lastKnownFileType = sourcecode.swift; path = HomepwnerTests.swift; sourceTree = "<group>"; };
		630530E420F9DEEB0060C0AD /* Info.plist */ = {isa = PBXFileReference; lastKnownFileType = text.plist.xml; path = Info.plist; sourceTree = "<group>"; };
		630530E920F9DEEB0060C0AD /* HomepwnerUITests.xctest */ = {isa = PBXFileReference; explicitFileType = wrapper.cfbundle; includeInIndex = 0; path = HomepwnerUITests.xctest; sourceTree = BUILT_PRODUCTS_DIR; };
		630530ED20F9DEEB0060C0AD /* HomepwnerUITests.swift */ = {isa = PBXFileReference; lastKnownFileType = sourcecode.swift; path = HomepwnerUITests.swift; sourceTree = "<group>"; };
		630530EF20F9DEEB0060C0AD /* Info.plist */ = {isa = PBXFileReference; lastKnownFileType = text.plist.xml; path = Info.plist; sourceTree = "<group>"; };
/* End PBXFileReference section */

/* Begin PBXFrameworksBuildPhase section */
		630530C720F9DEE00060C0AD /* Frameworks */ = {
			isa = PBXFrameworksBuildPhase;
			buildActionMask = 2147483647;
			files = (
			);
			runOnlyForDeploymentPostprocessing = 0;
		};
		630530DB20F9DEEB0060C0AD /* Frameworks */ = {
			isa = PBXFrameworksBuildPhase;
			buildActionMask = 2147483647;
			files = (
			);
			runOnlyForDeploymentPostprocessing = 0;
		};
		630530E620F9DEEB0060C0AD /* Frameworks */ = {
			isa = PBXFrameworksBuildPhase;
			buildActionMask = 2147483647;
			files = (
			);
			runOnlyForDeploymentPostprocessing = 0;
		};
/* End PBXFrameworksBuildPhase section */

/* Begin PBXGroup section */
		630530C120F9DEE00060C0AD = {
			isa = PBXGroup;
			children = (
				630530CC20F9DEE00060C0AD /* Homepwner */,
				630530E120F9DEEB0060C0AD /* HomepwnerTests */,
				630530EC20F9DEEB0060C0AD /* HomepwnerUITests */,
				630530CB20F9DEE00060C0AD /* Products */,
			);
			sourceTree = "<group>";
		};
		630530CB20F9DEE00060C0AD /* Products */ = {
			isa = PBXGroup;
			children = (
				630530CA20F9DEE00060C0AD /* Homepwner.app */,
				630530DE20F9DEEB0060C0AD /* HomepwnerTests.xctest */,
				630530E920F9DEEB0060C0AD /* HomepwnerUITests.xctest */,
			);
			name = Products;
			sourceTree = "<group>";
		};
		630530CC20F9DEE00060C0AD /* Homepwner */ = {
			isa = PBXGroup;
			children = (
				630530CD20F9DEE00060C0AD /* AppDelegate.swift */,
				6301150220F9FFE500594151 /* ItemsViewController.swift */,
				630530CF20F9DEE00060C0AD /* ViewController.swift */,
				630530D120F9DEE00060C0AD /* Main.storyboard */,
				630530D420F9DEEB0060C0AD /* Assets.xcassets */,
				630530D620F9DEEB0060C0AD /* LaunchScreen.storyboard */,
				630530D920F9DEEB0060C0AD /* Info.plist */,
			);
			path = Homepwner;
			sourceTree = "<group>";
		};
		630530E120F9DEEB0060C0AD /* HomepwnerTests */ = {
			isa = PBXGroup;
			children = (
				630530E220F9DEEB0060C0AD /* HomepwnerTests.swift */,
				630530E420F9DEEB0060C0AD /* Info.plist */,
			);
			path = HomepwnerTests;
			sourceTree = "<group>";
		};
		630530EC20F9DEEB0060C0AD /* HomepwnerUITests */ = {
			isa = PBXGroup;
			children = (
				630530ED20F9DEEB0060C0AD /* HomepwnerUITests.swift */,
				630530EF20F9DEEB0060C0AD /* Info.plist */,
			);
			path = HomepwnerUITests;
			sourceTree = "<group>";
		};
/* End PBXGroup section */

/* Begin PBXNativeTarget section */
		630530C920F9DEE00060C0AD /* Homepwner */ = {
			isa = PBXNativeTarget;
			buildConfigurationList = 630530F220F9DEEB0060C0AD /* Build configuration list for PBXNativeTarget "Homepwner" */;
			buildPhases = (
				630530C620F9DEE00060C0AD /* Sources */,
				630530C720F9DEE00060C0AD /* Frameworks */,
				630530C820F9DEE00060C0AD /* Resources */,
			);
			buildRules = (
			);
			dependencies = (
			);
			name = Homepwner;
			productName = Homepwner;
			productReference = 630530CA20F9DEE00060C0AD /* Homepwner.app */;
			productType = "com.apple.product-type.application";
		};
		630530DD20F9DEEB0060C0AD /* HomepwnerTests */ = {
			isa = PBXNativeTarget;
			buildConfigurationList = 630530F520F9DEEB0060C0AD /* Build configuration list for PBXNativeTarget "HomepwnerTests" */;
			buildPhases = (
				630530DA20F9DEEB0060C0AD /* Sources */,
				630530DB20F9DEEB0060C0AD /* Frameworks */,
				630530DC20F9DEEB0060C0AD /* Resources */,
			);
			buildRules = (
			);
			dependencies = (
				630530E020F9DEEB0060C0AD /* PBXTargetDependency */,
			);
			name = HomepwnerTests;
			productName = HomepwnerTests;
			productReference = 630530DE20F9DEEB0060C0AD /* HomepwnerTests.xctest */;
			productType = "com.apple.product-type.bundle.unit-test";
		};
		630530E820F9DEEB0060C0AD /* HomepwnerUITests */ = {
			isa = PBXNativeTarget;
			buildConfigurationList = 630530F820F9DEEB0060C0AD /* Build configuration list for PBXNativeTarget "HomepwnerUITests" */;
			buildPhases = (
				630530E520F9DEEB0060C0AD /* Sources */,
				630530E620F9DEEB0060C0AD /* Frameworks */,
				630530E720F9DEEB0060C0AD /* Resources */,
			);
			buildRules = (
			);
			dependencies = (
				630530EB20F9DEEB0060C0AD /* PBXTargetDependency */,
			);
			name = HomepwnerUITests;
			productName = HomepwnerUITests;
			productReference = 630530E920F9DEEB0060C0AD /* HomepwnerUITests.xctest */;
			productType = "com.apple.product-type.bundle.ui-testing";
		};
/* End PBXNativeTarget section */

/* Begin PBXProject section */
		630530C220F9DEE00060C0AD /* Project object */ = {
			isa = PBXProject;
			attributes = {
				LastSwiftUpdateCheck = 0940;
				LastUpgradeCheck = 0940;
				ORGANIZATIONNAME = "Alan Nunez";
				TargetAttributes = {
					630530C920F9DEE00060C0AD = {
						CreatedOnToolsVersion = 9.4.1;
					};
					630530DD20F9DEEB0060C0AD = {
						CreatedOnToolsVersion = 9.4.1;
						TestTargetID = 630530C920F9DEE00060C0AD;
					};
					630530E820F9DEEB0060C0AD = {
						CreatedOnToolsVersion = 9.4.1;
						TestTargetID = 630530C920F9DEE00060C0AD;
					};
				};
			};
			buildConfigurationList = 630530C520F9DEE00060C0AD /* Build configuration list for PBXProject "Homepwner" */;
			compatibilityVersion = "Xcode 9.3";
			developmentRegion = en;
			hasScannedForEncodings = 0;
			knownRegions = (
				en,
				Base,
			);
			mainGroup = 630530C120F9DEE00060C0AD;
			productRefGroup = 630530CB20F9DEE00060C0AD /* Products */;
			projectDirPath = "";
			projectRoot = "";
			targets = (
				630530C920F9DEE00060C0AD /* Homepwner */,
				630530DD20F9DEEB0060C0AD /* HomepwnerTests */,
				630530E820F9DEEB0060C0AD /* HomepwnerUITests */,
			);
		};
/* End PBXProject section */

/* Begin PBXResourcesBuildPhase section */
		630530C820F9DEE00060C0AD /* Resources */ = {
			isa = PBXResourcesBuildPhase;
			buildActionMask = 2147483647;
			files = (
				630530D820F9DEEB0060C0AD /* LaunchScreen.storyboard in Resources */,
				630530D520F9DEEB0060C0AD /* Assets.xcassets in Resources */,
				630530D320F9DEE00060C0AD /* Main.storyboard in Resources */,
			);
			runOnlyForDeploymentPostprocessing = 0;
		};
		630530DC20F9DEEB0060C0AD /* Resources */ = {
			isa = PBXResourcesBuildPhase;
			buildActionMask = 2147483647;
			files = (
			);
			runOnlyForDeploymentPostprocessing = 0;
		};
		630530E720F9DEEB0060C0AD /* Resources */ = {
			isa = PBXResourcesBuildPhase;
			buildActionMask = 2147483647;
			files = (
			);
			runOnlyForDeploymentPostprocessing = 0;
		};
/* End PBXResourcesBuildPhase section */

/* Begin PBXSourcesBuildPhase section */
		630530C620F9DEE00060C0AD /* Sources */ = {
			isa = PBXSourcesBuildPhase;
			buildActionMask = 2147483647;
			files = (
				630530D020F9DEE00060C0AD /* ViewController.swift in Sources */,
				6301150320F9FFE500594151 /* ItemsViewController.swift in Sources */,
				630530CE20F9DEE00060C0AD /* AppDelegate.swift in Sources */,
			);
			runOnlyForDeploymentPostprocessing = 0;
		};
		630530DA20F9DEEB0060C0AD /* Sources */ = {
			isa = PBXSourcesBuildPhase;
			buildActionMask = 2147483647;
			files = (
				630530E320F9DEEB0060C0AD /* HomepwnerTests.swift in Sources */,
			);
			runOnlyForDeploymentPostprocessing = 0;
		};
		630530E520F9DEEB0060C0AD /* Sources */ = {
			isa = PBXSourcesBuildPhase;
			buildActionMask = 2147483647;
			files = (
				630530EE20F9DEEB0060C0AD /* HomepwnerUITests.swift in Sources */,
			);
			runOnlyForDeploymentPostprocessing = 0;
		};
/* End PBXSourcesBuildPhase section */

/* Begin PBXTargetDependency section */
		630530E020F9DEEB0060C0AD /* PBXTargetDependency */ = {
			isa = PBXTargetDependency;
			target = 630530C920F9DEE00060C0AD /* Homepwner */;
			targetProxy = 630530DF20F9DEEB0060C0AD /* PBXContainerItemProxy */;
		};
		630530EB20F9DEEB0060C0AD /* PBXTargetDependency */ = {
			isa = PBXTargetDependency;
			target = 630530C920F9DEE00060C0AD /* Homepwner */;
			targetProxy = 630530EA20F9DEEB0060C0AD /* PBXContainerItemProxy */;
		};
/* End PBXTargetDependency section */

/* Begin PBXVariantGroup section */
		630530D120F9DEE00060C0AD /* Main.storyboard */ = {
			isa = PBXVariantGroup;
			children = (
				630530D220F9DEE00060C0AD /* Base */,
			);
			name = Main.storyboard;
			sourceTree = "<group>";
		};
		630530D620F9DEEB0060C0AD /* LaunchScreen.storyboard */ = {
			isa = PBXVariantGroup;
			children = (
				630530D720F9DEEB0060C0AD /* Base */,
			);
			name = LaunchScreen.storyboard;
			sourceTree = "<group>";
		};
/* End PBXVariantGroup section */

/* Begin XCBuildConfiguration section */
		630530F020F9DEEB0060C0AD /* Debug */ = {
			isa = XCBuildConfiguration;
			buildSettings = {
				ALWAYS_SEARCH_USER_PATHS = NO;
				CLANG_ANALYZER_NONNULL = YES;
				CLANG_ANALYZER_NUMBER_OBJECT_CONVERSION = YES_AGGRESSIVE;
				CLANG_CXX_LANGUAGE_STANDARD = "gnu++14";
				CLANG_CXX_LIBRARY = "libc++";
				CLANG_ENABLE_MODULES = YES;
				CLANG_ENABLE_OBJC_ARC = YES;
				CLANG_ENABLE_OBJC_WEAK = YES;
				CLANG_WARN_BLOCK_CAPTURE_AUTORELEASING = YES;
				CLANG_WARN_BOOL_CONVERSION = YES;
				CLANG_WARN_COMMA = YES;
				CLANG_WARN_CONSTANT_CONVERSION = YES;
				CLANG_WARN_DEPRECATED_OBJC_IMPLEMENTATIONS = YES;
				CLANG_WARN_DIRECT_OBJC_ISA_USAGE = YES_ERROR;
				CLANG_WARN_DOCUMENTATION_COMMENTS = YES;
				CLANG_WARN_EMPTY_BODY = YES;
				CLANG_WARN_ENUM_CONVERSION = YES;
				CLANG_WARN_INFINITE_RECURSION = YES;
				CLANG_WARN_INT_CONVERSION = YES;
				CLANG_WARN_NON_LITERAL_NULL_CONVERSION = YES;
				CLANG_WARN_OBJC_IMPLICIT_RETAIN_SELF = YES;
				CLANG_WARN_OBJC_LITERAL_CONVERSION = YES;
				CLANG_WARN_OBJC_ROOT_CLASS = YES_ERROR;
				CLANG_WARN_RANGE_LOOP_ANALYSIS = YES;
				CLANG_WARN_STRICT_PROTOTYPES = YES;
				CLANG_WARN_SUSPICIOUS_MOVE = YES;
				CLANG_WARN_UNGUARDED_AVAILABILITY = YES_AGGRESSIVE;
				CLANG_WARN_UNREACHABLE_CODE = YES;
				CLANG_WARN__DUPLICATE_METHOD_MATCH = YES;
				CODE_SIGN_IDENTITY = "iPhone Developer";
				COPY_PHASE_STRIP = NO;
				DEBUG_INFORMATION_FORMAT = dwarf;
				ENABLE_STRICT_OBJC_MSGSEND = YES;
				ENABLE_TESTABILITY = YES;
				GCC_C_LANGUAGE_STANDARD = gnu11;
				GCC_DYNAMIC_NO_PIC = NO;
				GCC_NO_COMMON_BLOCKS = YES;
				GCC_OPTIMIZATION_LEVEL = 0;
				GCC_PREPROCESSOR_DEFINITIONS = (
					"DEBUG=1",
					"$(inherited)",
				);
				GCC_WARN_64_TO_32_BIT_CONVERSION = YES;
				GCC_WARN_ABOUT_RETURN_TYPE = YES_ERROR;
				GCC_WARN_UNDECLARED_SELECTOR = YES;
				GCC_WARN_UNINITIALIZED_AUTOS = YES_AGGRESSIVE;
				GCC_WARN_UNUSED_FUNCTION = YES;
				GCC_WARN_UNUSED_VARIABLE = YES;
				IPHONEOS_DEPLOYMENT_TARGET = 11.4;
				MTL_ENABLE_DEBUG_INFO = YES;
				ONLY_ACTIVE_ARCH = YES;
				SDKROOT = iphoneos;
				SWIFT_ACTIVE_COMPILATION_CONDITIONS = DEBUG;
				SWIFT_OPTIMIZATION_LEVEL = "-Onone";
			};
			name = Debug;
		};
		630530F120F9DEEB0060C0AD /* Release */ = {
			isa = XCBuildConfiguration;
			buildSettings = {
				ALWAYS_SEARCH_USER_PATHS = NO;
				CLANG_ANALYZER_NONNULL = YES;
				CLANG_ANALYZER_NUMBER_OBJECT_CONVERSION = YES_AGGRESSIVE;
				CLANG_CXX_LANGUAGE_STANDARD = "gnu++14";
				CLANG_CXX_LIBRARY = "libc++";
				CLANG_ENABLE_MODULES = YES;
				CLANG_ENABLE_OBJC_ARC = YES;
				CLANG_ENABLE_OBJC_WEAK = YES;
				CLANG_WARN_BLOCK_CAPTURE_AUTORELEASING = YES;
				CLANG_WARN_BOOL_CONVERSION = YES;
				CLANG_WARN_COMMA = YES;
				CLANG_WARN_CONSTANT_CONVERSION = YES;
				CLANG_WARN_DEPRECATED_OBJC_IMPLEMENTATIONS = YES;
				CLANG_WARN_DIRECT_OBJC_ISA_USAGE = YES_ERROR;
				CLANG_WARN_DOCUMENTATION_COMMENTS = YES;
				CLANG_WARN_EMPTY_BODY = YES;
				CLANG_WARN_ENUM_CONVERSION = YES;
				CLANG_WARN_INFINITE_RECURSION = YES;
				CLANG_WARN_INT_CONVERSION = YES;
				CLANG_WARN_NON_LITERAL_NULL_CONVERSION = YES;
				CLANG_WARN_OBJC_IMPLICIT_RETAIN_SELF = YES;
				CLANG_WARN_OBJC_LITERAL_CONVERSION = YES;
				CLANG_WARN_OBJC_ROOT_CLASS = YES_ERROR;
				CLANG_WARN_RANGE_LOOP_ANALYSIS = YES;
				CLANG_WARN_STRICT_PROTOTYPES = YES;
				CLANG_WARN_SUSPICIOUS_MOVE = YES;
				CLANG_WARN_UNGUARDED_AVAILABILITY = YES_AGGRESSIVE;
				CLANG_WARN_UNREACHABLE_CODE = YES;
				CLANG_WARN__DUPLICATE_METHOD_MATCH = YES;
				CODE_SIGN_IDENTITY = "iPhone Developer";
				COPY_PHASE_STRIP = NO;
				DEBUG_INFORMATION_FORMAT = "dwarf-with-dsym";
				ENABLE_NS_ASSERTIONS = NO;
				ENABLE_STRICT_OBJC_MSGSEND = YES;
				GCC_C_LANGUAGE_STANDARD = gnu11;
				GCC_NO_COMMON_BLOCKS = YES;
				GCC_WARN_64_TO_32_BIT_CONVERSION = YES;
				GCC_WARN_ABOUT_RETURN_TYPE = YES_ERROR;
				GCC_WARN_UNDECLARED_SELECTOR = YES;
				GCC_WARN_UNINITIALIZED_AUTOS = YES_AGGRESSIVE;
				GCC_WARN_UNUSED_FUNCTION = YES;
				GCC_WARN_UNUSED_VARIABLE = YES;
				IPHONEOS_DEPLOYMENT_TARGET = 11.4;
				MTL_ENABLE_DEBUG_INFO = NO;
				SDKROOT = iphoneos;
				SWIFT_COMPILATION_MODE = wholemodule;
				SWIFT_OPTIMIZATION_LEVEL = "-O";
				VALIDATE_PRODUCT = YES;
			};
			name = Release;
		};
		630530F320F9DEEB0060C0AD /* Debug */ = {
			isa = XCBuildConfiguration;
			buildSettings = {
				ASSETCATALOG_COMPILER_APPICON_NAME = AppIcon;
				CODE_SIGN_STYLE = Automatic;
				INFOPLIST_FILE = Homepwner/Info.plist;
				LD_RUNPATH_SEARCH_PATHS = (
					"$(inherited)",
					"@executable_path/Frameworks",
				);
				PRODUCT_BUNDLE_IDENTIFIER = flia.Homepwner;
				PRODUCT_NAME = "$(TARGET_NAME)";
				SWIFT_VERSION = 4.0;
				TARGETED_DEVICE_FAMILY = "1,2";
			};
			name = Debug;
		};
		630530F420F9DEEB0060C0AD /* Release */ = {
			isa = XCBuildConfiguration;
			buildSettings = {
				ASSETCATALOG_COMPILER_APPICON_NAME = AppIcon;
				CODE_SIGN_STYLE = Automatic;
				INFOPLIST_FILE = Homepwner/Info.plist;
				LD_RUNPATH_SEARCH_PATHS = (
					"$(inherited)",
					"@executable_path/Frameworks",
				);
				PRODUCT_BUNDLE_IDENTIFIER = flia.Homepwner;
				PRODUCT_NAME = "$(TARGET_NAME)";
				SWIFT_VERSION = 4.0;
				TARGETED_DEVICE_FAMILY = "1,2";
			};
			name = Release;
		};
		630530F620F9DEEB0060C0AD /* Debug */ = {
			isa = XCBuildConfiguration;
			buildSettings = {
				ALWAYS_EMBED_SWIFT_STANDARD_LIBRARIES = YES;
				BUNDLE_LOADER = "$(TEST_HOST)";
				CODE_SIGN_STYLE = Automatic;
				INFOPLIST_FILE = HomepwnerTests/Info.plist;
				LD_RUNPATH_SEARCH_PATHS = (
					"$(inherited)",
					"@executable_path/Frameworks",
					"@loader_path/Frameworks",
				);
				PRODUCT_BUNDLE_IDENTIFIER = flia.HomepwnerTests;
				PRODUCT_NAME = "$(TARGET_NAME)";
				SWIFT_VERSION = 4.0;
				TARGETED_DEVICE_FAMILY = "1,2";
				TEST_HOST = "$(BUILT_PRODUCTS_DIR)/Homepwner.app/Homepwner";
			};
			name = Debug;
		};
		630530F720F9DEEB0060C0AD /* Release */ = {
			isa = XCBuildConfiguration;
			buildSettings = {
				ALWAYS_EMBED_SWIFT_STANDARD_LIBRARIES = YES;
				BUNDLE_LOADER = "$(TEST_HOST)";
				CODE_SIGN_STYLE = Automatic;
				INFOPLIST_FILE = HomepwnerTests/Info.plist;
				LD_RUNPATH_SEARCH_PATHS = (
					"$(inherited)",
					"@executable_path/Frameworks",
					"@loader_path/Frameworks",
				);
				PRODUCT_BUNDLE_IDENTIFIER = flia.HomepwnerTests;
				PRODUCT_NAME = "$(TARGET_NAME)";
				SWIFT_VERSION = 4.0;
				TARGETED_DEVICE_FAMILY = "1,2";
				TEST_HOST = "$(BUILT_PRODUCTS_DIR)/Homepwner.app/Homepwner";
			};
			name = Release;
		};
		630530F920F9DEEB0060C0AD /* Debug */ = {
			isa = XCBuildConfiguration;
			buildSettings = {
				ALWAYS_EMBED_SWIFT_STANDARD_LIBRARIES = YES;
				CODE_SIGN_STYLE = Automatic;
				INFOPLIST_FILE = HomepwnerUITests/Info.plist;
				LD_RUNPATH_SEARCH_PATHS = (
					"$(inherited)",
					"@executable_path/Frameworks",
					"@loader_path/Frameworks",
				);
				PRODUCT_BUNDLE_IDENTIFIER = flia.HomepwnerUITests;
				PRODUCT_NAME = "$(TARGET_NAME)";
				SWIFT_VERSION = 4.0;
				TARGETED_DEVICE_FAMILY = "1,2";
				TEST_TARGET_NAME = Homepwner;
			};
			name = Debug;
		};
		630530FA20F9DEEB0060C0AD /* Release */ = {
			isa = XCBuildConfiguration;
			buildSettings = {
				ALWAYS_EMBED_SWIFT_STANDARD_LIBRARIES = YES;
				CODE_SIGN_STYLE = Automatic;
				INFOPLIST_FILE = HomepwnerUITests/Info.plist;
				LD_RUNPATH_SEARCH_PATHS = (
					"$(inherited)",
					"@executable_path/Frameworks",
					"@loader_path/Frameworks",
				);
				PRODUCT_BUNDLE_IDENTIFIER = flia.HomepwnerUITests;
				PRODUCT_NAME = "$(TARGET_NAME)";
				SWIFT_VERSION = 4.0;
				TARGETED_DEVICE_FAMILY = "1,2";
				TEST_TARGET_NAME = Homepwner;
			};
			name = Release;
		};
/* End XCBuildConfiguration section */

/* Begin XCConfigurationList section */
		630530C520F9DEE00060C0AD /* Build configuration list for PBXProject "Homepwner" */ = {
			isa = XCConfigurationList;
			buildConfigurations = (
				630530F020F9DEEB0060C0AD /* Debug */,
				630530F120F9DEEB0060C0AD /* Release */,
			);
			defaultConfigurationIsVisible = 0;
			defaultConfigurationName = Release;
		};
		630530F220F9DEEB0060C0AD /* Build configuration list for PBXNativeTarget "Homepwner" */ = {
			isa = XCConfigurationList;
			buildConfigurations = (
				630530F320F9DEEB0060C0AD /* Debug */,
				630530F420F9DEEB0060C0AD /* Release */,
			);
			defaultConfigurationIsVisible = 0;
			defaultConfigurationName = Release;
		};
		630530F520F9DEEB0060C0AD /* Build configuration list for PBXNativeTarget "HomepwnerTests" */ = {
			isa = XCConfigurationList;
			buildConfigurations = (
				630530F620F9DEEB0060C0AD /* Debug */,
				630530F720F9DEEB0060C0AD /* Release */,
			);
			defaultConfigurationIsVisible = 0;
			defaultConfigurationName = Release;
		};
		630530F820F9DEEB0060C0AD /* Build configuration list for PBXNativeTarget "HomepwnerUITests" */ = {
			isa = XCConfigurationList;
			buildConfigurations = (
				630530F920F9DEEB0060C0AD /* Debug */,
				630530FA20F9DEEB0060C0AD /* Release */,
			);
			defaultConfigurationIsVisible = 0;
			defaultConfigurationName = Release;
		};
/* End XCConfigurationList section */
	};
	rootObject = 630530C220F9DEE00060C0AD /* Project object */;
}
